
Microsoft Visual Studio Solution File, Format Version 12.00
# Visual Studio Version 16
VisualStudioVersion = 16.0.810.22
MinimumVisualStudioVersion = 10.0.40219.1
Project("{FAE04EC0-301F-11D3-BF4B-00C04F79EFBC}") = "MethodOverloading", "MethodOverloading\MethodOverloading.csproj", "{C8CB1786-E15F-43F8-B809-920530DEB7DC}"
EndProject
Global
	GlobalSection(SolutionConfigurationPlatforms) = preSolution
		Debug|Any CPU = Debug|Any CPU
		Release|Any CPU = Release|Any CPU
	EndGlobalSection
	GlobalSection(ProjectConfigurationPlatforms) = postSolution
		{C8CB1786-E15F-43F8-B809-920530DEB7DC}.Debug|Any CPU.ActiveCfg = Debug|Any CPU
		{C8CB1786-E15F-43F8-B809-920530DEB7DC}.Debug|Any CPU.Build.0 = Debug|Any CPU
		{C8CB1786-E15F-43F8-B809-920530DEB7DC}.Release|Any CPU.ActiveCfg = Release|Any CPU
		{C8CB1786-E15F-43F8-B809-920530DEB7DC}.Release|Any CPU.Build.0 = Release|Any CPU
	EndGlobalSection
	GlobalSection(SolutionProperties) = preSolution
		HideSolutionNode = FALSE
	EndGlobalSection
	GlobalSection(ExtensibilityGlobals) = postSolution
		SolutionGuid = {E4F29423-1F99-48EB-B6C1-5703EB210128}
	EndGlobalSection
EndGlobal
